
Microsoft Visual Studio Solution File, Format Version 12.00
# Visual Studio Version 17
VisualStudioVersion = 17.0.31903.59
MinimumVisualStudioVersion = 10.0.40219.1
Project("{FAE04EC0-301F-11D3-BF4B-00C04F79EFBC}") = "UserService", "UserService\UserService.csproj", "{7A836508-4060-48B7-A0D0-67F1840DE266}"
EndProject
Project("{FAE04EC0-301F-11D3-BF4B-00C04F79EFBC}") = "UserService.Test", "UserService.Test\UserService.Test.csproj", "{23737FBE-D8E1-46E0-B139-8421DB99C099}"
EndProject
Global
	GlobalSection(SolutionConfigurationPlatforms) = preSolution
		Debug|Any CPU = Debug|Any CPU
		Release|Any CPU = Release|Any CPU
	EndGlobalSection
	GlobalSection(SolutionProperties) = preSolution
		HideSolutionNode = FALSE
	EndGlobalSection
	GlobalSection(ProjectConfigurationPlatforms) = postSolution
		{7A836508-4060-48B7-A0D0-67F1840DE266}.Debug|Any CPU.ActiveCfg = Debug|Any CPU
		{7A836508-4060-48B7-A0D0-67F1840DE266}.Debug|Any CPU.Build.0 = Debug|Any CPU
		{7A836508-4060-48B7-A0D0-67F1840DE266}.Release|Any CPU.ActiveCfg = Release|Any CPU
		{7A836508-4060-48B7-A0D0-67F1840DE266}.Release|Any CPU.Build.0 = Release|Any CPU
		{23737FBE-D8E1-46E0-B139-8421DB99C099}.Debug|Any CPU.ActiveCfg = Debug|Any CPU
		{23737FBE-D8E1-46E0-B139-8421DB99C099}.Debug|Any CPU.Build.0 = Debug|Any CPU
		{23737FBE-D8E1-46E0-B139-8421DB99C099}.Release|Any CPU.ActiveCfg = Release|Any CPU
		{23737FBE-D8E1-46E0-B139-8421DB99C099}.Release|Any CPU.Build.0 = Release|Any CPU
	EndGlobalSection
EndGlobal
